
Microsoft Visual Studio Solution File, Format Version 12.00
# Visual Studio 14
VisualStudioVersion = 14.0.23107.0
MinimumVisualStudioVersion = 10.0.40219.1
Project("{E24C65DC-7377-472B-9ABA-BC803B73C61A}") = "WebFormsDemo", ".", "{FDAC95EB-E807-471F-B8D6-52C86F19E5FF}"
	ProjectSection(WebsiteProperties) = preProject
		TargetFrameworkMoniker = ".NETFramework,Version%3Dv4.5.2"
		Debug.AspNetCompiler.VirtualPath = "/localhost_65183"
		Debug.AspNetCompiler.PhysicalPath = "..\WebFormsDemo\"
		Debug.AspNetCompiler.TargetPath = "PrecompiledWeb\localhost_65183\"
		Debug.AspNetCompiler.Updateable = "true"
		Debug.AspNetCompiler.ForceOverwrite = "true"
		Debug.AspNetCompiler.FixedNames = "false"
		Debug.AspNetCompiler.Debug = "True"
		Release.AspNetCompiler.VirtualPath = "/localhost_65183"
		Release.AspNetCompiler.PhysicalPath = "..\WebFormsDemo\"
		Release.AspNetCompiler.TargetPath = "PrecompiledWeb\localhost_65183\"
		Release.AspNetCompiler.Updateable = "true"
		Release.AspNetCompiler.ForceOverwrite = "true"
		Release.AspNetCompiler.FixedNames = "false"
		Release.AspNetCompiler.Debug = "False"
		VWDPort = "65183"
		SlnRelativePath = "..\WebFormsDemo\"
		DefaultWebSiteLanguage = "Visual C#"
	EndProjectSection
EndProject
Global
	GlobalSection(SolutionConfigurationPlatforms) = preSolution
		Debug|Any CPU = Debug|Any CPU
	EndGlobalSection
	GlobalSection(ProjectConfigurationPlatforms) = postSolution
		{FDAC95EB-E807-471F-B8D6-52C86F19E5FF}.Debug|Any CPU.ActiveCfg = Debug|Any CPU
		{FDAC95EB-E807-471F-B8D6-52C86F19E5FF}.Debug|Any CPU.Build.0 = Debug|Any CPU
	EndGlobalSection
	GlobalSection(SolutionProperties) = preSolution
		HideSolutionNode = FALSE
	EndGlobalSection
EndGlobal
